// !$*UTF8*$!
{
	archiveVersion = 1;
	classes = {
	};
	objectVersion = 56;
	objects = {

/* Begin PBXBuildFile section */
		684F38542BAE169000EECCE1 /* Potentials.swift in Sources */ = {isa = PBXBuildFile; fileRef = 684F38532BAE169000EECCE1 /* Potentials.swift */; };
		684F38552BAE169000EECCE1 /* Potentials.swift in Sources */ = {isa = PBXBuildFile; fileRef = 684F38532BAE169000EECCE1 /* Potentials.swift */; };
		684F38562BAE169000EECCE1 /* Potentials.swift in Sources */ = {isa = PBXBuildFile; fileRef = 684F38532BAE169000EECCE1 /* Potentials.swift */; };
		684F38572BAE17DC00EECCE1 /* RungeKuttaODE.swift in Sources */ = {isa = PBXBuildFile; fileRef = 68F43B312B9BAB8B00D3424D /* RungeKuttaODE.swift */; };
		684F38582BAE17DD00EECCE1 /* RungeKuttaODE.swift in Sources */ = {isa = PBXBuildFile; fileRef = 68F43B312B9BAB8B00D3424D /* RungeKuttaODE.swift */; };
		68F43AFF2B9BAA6C00D3424D /* _D_Shrodinger_Solver_Differential_FormApp.swift in Sources */ = {isa = PBXBuildFile; fileRef = 68F43AFE2B9BAA6C00D3424D /* _D_Shrodinger_Solver_Differential_FormApp.swift */; };
		68F43B012B9BAA6C00D3424D /* ContentView.swift in Sources */ = {isa = PBXBuildFile; fileRef = 68F43B002B9BAA6C00D3424D /* ContentView.swift */; };
		68F43B032B9BAA6D00D3424D /* Assets.xcassets in Resources */ = {isa = PBXBuildFile; fileRef = 68F43B022B9BAA6D00D3424D /* Assets.xcassets */; };
		68F43B072B9BAA6D00D3424D /* Preview Assets.xcassets in Resources */ = {isa = PBXBuildFile; fileRef = 68F43B062B9BAA6D00D3424D /* Preview Assets.xcassets */; };
		68F43B112B9BAA6D00D3424D /* _D_Shrodinger_Solver_Differential_FormTests.swift in Sources */ = {isa = PBXBuildFile; fileRef = 68F43B102B9BAA6D00D3424D /* _D_Shrodinger_Solver_Differential_FormTests.swift */; };
		68F43B1B2B9BAA6D00D3424D /* _D_Shrodinger_Solver_Differential_FormUITests.swift in Sources */ = {isa = PBXBuildFile; fileRef = 68F43B1A2B9BAA6D00D3424D /* _D_Shrodinger_Solver_Differential_FormUITests.swift */; };
		68F43B1D2B9BAA6D00D3424D /* _D_Shrodinger_Solver_Differential_FormUITestsLaunchTests.swift in Sources */ = {isa = PBXBuildFile; fileRef = 68F43B1C2B9BAA6D00D3424D /* _D_Shrodinger_Solver_Differential_FormUITestsLaunchTests.swift */; };
		68F43B322B9BAB8B00D3424D /* RungeKuttaODE.swift in Sources */ = {isa = PBXBuildFile; fileRef = 68F43B312B9BAB8B00D3424D /* RungeKuttaODE.swift */; };
/* End PBXBuildFile section */

/* Begin PBXContainerItemProxy section */
		68F43B0D2B9BAA6D00D3424D /* PBXContainerItemProxy */ = {
			isa = PBXContainerItemProxy;
			containerPortal = 68F43AF32B9BAA6C00D3424D /* Project object */;
			proxyType = 1;
			remoteGlobalIDString = 68F43AFA2B9BAA6C00D3424D;
			remoteInfo = "1D Shrodinger Solver Differential Form";
		};
		68F43B172B9BAA6D00D3424D /* PBXContainerItemProxy */ = {
			isa = PBXContainerItemProxy;
			containerPortal = 68F43AF32B9BAA6C00D3424D /* Project object */;
			proxyType = 1;
			remoteGlobalIDString = 68F43AFA2B9BAA6C00D3424D;
			remoteInfo = "1D Shrodinger Solver Differential Form";
		};
/* End PBXContainerItemProxy section */

/* Begin PBXFileReference section */
		684F38532BAE169000EECCE1 /* Potentials.swift */ = {isa = PBXFileReference; fileEncoding = 4; lastKnownFileType = sourcecode.swift; path = Potentials.swift; sourceTree = "<group>"; };
		68F43AFB2B9BAA6C00D3424D /* 1D Shrodinger Solver Differential Form.app */ = {isa = PBXFileReference; explicitFileType = wrapper.application; includeInIndex = 0; path = "1D Shrodinger Solver Differential Form.app"; sourceTree = BUILT_PRODUCTS_DIR; };
		68F43AFE2B9BAA6C00D3424D /* _D_Shrodinger_Solver_Differential_FormApp.swift */ = {isa = PBXFileReference; lastKnownFileType = sourcecode.swift; path = _D_Shrodinger_Solver_Differential_FormApp.swift; sourceTree = "<group>"; };
		68F43B002B9BAA6C00D3424D /* ContentView.swift */ = {isa = PBXFileReference; lastKnownFileType = sourcecode.swift; path = ContentView.swift; sourceTree = "<group>"; };
		68F43B022B9BAA6D00D3424D /* Assets.xcassets */ = {isa = PBXFileReference; lastKnownFileType = folder.assetcatalog; path = Assets.xcassets; sourceTree = "<group>"; };
		68F43B042B9BAA6D00D3424D /* _D_Shrodinger_Solver_Differential_Form.entitlements */ = {isa = PBXFileReference; lastKnownFileType = text.plist.entitlements; path = _D_Shrodinger_Solver_Differential_Form.entitlements; sourceTree = "<group>"; };
		68F43B062B9BAA6D00D3424D /* Preview Assets.xcassets */ = {isa = PBXFileReference; lastKnownFileType = folder.assetcatalog; path = "Preview Assets.xcassets"; sourceTree = "<group>"; };
		68F43B0C2B9BAA6D00D3424D /* 1D Shrodinger Solver Differential FormTests.xctest */ = {isa = PBXFileReference; explicitFileType = wrapper.cfbundle; includeInIndex = 0; path = "1D Shrodinger Solver Differential FormTests.xctest"; sourceTree = BUILT_PRODUCTS_DIR; };
		68F43B102B9BAA6D00D3424D /* _D_Shrodinger_Solver_Differential_FormTests.swift */ = {isa = PBXFileReference; lastKnownFileType = sourcecode.swift; path = _D_Shrodinger_Solver_Differential_FormTests.swift; sourceTree = "<group>"; };
		68F43B162B9BAA6D00D3424D /* 1D Shrodinger Solver Differential FormUITests.xctest */ = {isa = PBXFileReference; explicitFileType = wrapper.cfbundle; includeInIndex = 0; path = "1D Shrodinger Solver Differential FormUITests.xctest"; sourceTree = BUILT_PRODUCTS_DIR; };
		68F43B1A2B9BAA6D00D3424D /* _D_Shrodinger_Solver_Differential_FormUITests.swift */ = {isa = PBXFileReference; lastKnownFileType = sourcecode.swift; path = _D_Shrodinger_Solver_Differential_FormUITests.swift; sourceTree = "<group>"; };
		68F43B1C2B9BAA6D00D3424D /* _D_Shrodinger_Solver_Differential_FormUITestsLaunchTests.swift */ = {isa = PBXFileReference; lastKnownFileType = sourcecode.swift; path = _D_Shrodinger_Solver_Differential_FormUITestsLaunchTests.swift; sourceTree = "<group>"; };
		68F43B312B9BAB8B00D3424D /* RungeKuttaODE.swift */ = {isa = PBXFileReference; fileEncoding = 4; lastKnownFileType = sourcecode.swift; path = RungeKuttaODE.swift; sourceTree = "<group>"; };
/* End PBXFileReference section */

/* Begin PBXFrameworksBuildPhase section */
		68F43AF82B9BAA6C00D3424D /* Frameworks */ = {
			isa = PBXFrameworksBuildPhase;
			buildActionMask = 2147483647;
			files = (
			);
			runOnlyForDeploymentPostprocessing = 0;
		};
		68F43B092B9BAA6D00D3424D /* Frameworks */ = {
			isa = PBXFrameworksBuildPhase;
			buildActionMask = 2147483647;
			files = (
			);
			runOnlyForDeploymentPostprocessing = 0;
		};
		68F43B132B9BAA6D00D3424D /* Frameworks */ = {
			isa = PBXFrameworksBuildPhase;
			buildActionMask = 2147483647;
			files = (
			);
			runOnlyForDeploymentPostprocessing = 0;
		};
/* End PBXFrameworksBuildPhase section */

/* Begin PBXGroup section */
		68F43AF22B9BAA6C00D3424D = {
			isa = PBXGroup;
			children = (
				68F43AFD2B9BAA6C00D3424D /* 1D Shrodinger Solver Differential Form */,
				68F43B0F2B9BAA6D00D3424D /* 1D Shrodinger Solver Differential FormTests */,
				68F43B192B9BAA6D00D3424D /* 1D Shrodinger Solver Differential FormUITests */,
				68F43AFC2B9BAA6C00D3424D /* Products */,
			);
			sourceTree = "<group>";
		};
		68F43AFC2B9BAA6C00D3424D /* Products */ = {
			isa = PBXGroup;
			children = (
				68F43AFB2B9BAA6C00D3424D /* 1D Shrodinger Solver Differential Form.app */,
				68F43B0C2B9BAA6D00D3424D /* 1D Shrodinger Solver Differential FormTests.xctest */,
				68F43B162B9BAA6D00D3424D /* 1D Shrodinger Solver Differential FormUITests.xctest */,
			);
			name = Products;
			sourceTree = "<group>";
		};
		68F43AFD2B9BAA6C00D3424D /* 1D Shrodinger Solver Differential Form */ = {
			isa = PBXGroup;
			children = (
				68F43AFE2B9BAA6C00D3424D /* _D_Shrodinger_Solver_Differential_FormApp.swift */,
				68F43B002B9BAA6C00D3424D /* ContentView.swift */,
				68F43B312B9BAB8B00D3424D /* RungeKuttaODE.swift */,
				684F38532BAE169000EECCE1 /* Potentials.swift */,
				68F43B022B9BAA6D00D3424D /* Assets.xcassets */,
				68F43B042B9BAA6D00D3424D /* _D_Shrodinger_Solver_Differential_Form.entitlements */,
				68F43B052B9BAA6D00D3424D /* Preview Content */,
			);
			path = "1D Shrodinger Solver Differential Form";
			sourceTree = "<group>";
		};
		68F43B052B9BAA6D00D3424D /* Preview Content */ = {
			isa = PBXGroup;
			children = (
				68F43B062B9BAA6D00D3424D /* Preview Assets.xcassets */,
			);
			path = "Preview Content";
			sourceTree = "<group>";
		};
		68F43B0F2B9BAA6D00D3424D /* 1D Shrodinger Solver Differential FormTests */ = {
			isa = PBXGroup;
			children = (
				68F43B102B9BAA6D00D3424D /* _D_Shrodinger_Solver_Differential_FormTests.swift */,
			);
			path = "1D Shrodinger Solver Differential FormTests";
			sourceTree = "<group>";
		};
		68F43B192B9BAA6D00D3424D /* 1D Shrodinger Solver Differential FormUITests */ = {
			isa = PBXGroup;
			children = (
				68F43B1A2B9BAA6D00D3424D /* _D_Shrodinger_Solver_Differential_FormUITests.swift */,
				68F43B1C2B9BAA6D00D3424D /* _D_Shrodinger_Solver_Differential_FormUITestsLaunchTests.swift */,
			);
			path = "1D Shrodinger Solver Differential FormUITests";
			sourceTree = "<group>";
		};
/* End PBXGroup section */

/* Begin PBXNativeTarget section */
		68F43AFA2B9BAA6C00D3424D /* 1D Shrodinger Solver Differential Form */ = {
			isa = PBXNativeTarget;
			buildConfigurationList = 68F43B202B9BAA6D00D3424D /* Build configuration list for PBXNativeTarget "1D Shrodinger Solver Differential Form" */;
			buildPhases = (
				68F43AF72B9BAA6C00D3424D /* Sources */,
				68F43AF82B9BAA6C00D3424D /* Frameworks */,
				68F43AF92B9BAA6C00D3424D /* Resources */,
			);
			buildRules = (
			);
			dependencies = (
			);
			name = "1D Shrodinger Solver Differential Form";
			productName = "1D Shrodinger Solver Differential Form";
			productReference = 68F43AFB2B9BAA6C00D3424D /* 1D Shrodinger Solver Differential Form.app */;
			productType = "com.apple.product-type.application";
		};
		68F43B0B2B9BAA6D00D3424D /* 1D Shrodinger Solver Differential FormTests */ = {
			isa = PBXNativeTarget;
			buildConfigurationList = 68F43B232B9BAA6D00D3424D /* Build configuration list for PBXNativeTarget "1D Shrodinger Solver Differential FormTests" */;
			buildPhases = (
				68F43B082B9BAA6D00D3424D /* Sources */,
				68F43B092B9BAA6D00D3424D /* Frameworks */,
				68F43B0A2B9BAA6D00D3424D /* Resources */,
			);
			buildRules = (
			);
			dependencies = (
				68F43B0E2B9BAA6D00D3424D /* PBXTargetDependency */,
			);
			name = "1D Shrodinger Solver Differential FormTests";
			productName = "1D Shrodinger Solver Differential FormTests";
			productReference = 68F43B0C2B9BAA6D00D3424D /* 1D Shrodinger Solver Differential FormTests.xctest */;
			productType = "com.apple.product-type.bundle.unit-test";
		};
		68F43B152B9BAA6D00D3424D /* 1D Shrodinger Solver Differential FormUITests */ = {
			isa = PBXNativeTarget;
			buildConfigurationList = 68F43B262B9BAA6D00D3424D /* Build configuration list for PBXNativeTarget "1D Shrodinger Solver Differential FormUITests" */;
			buildPhases = (
				68F43B122B9BAA6D00D3424D /* Sources */,
				68F43B132B9BAA6D00D3424D /* Frameworks */,
				68F43B142B9BAA6D00D3424D /* Resources */,
			);
			buildRules = (
			);
			dependencies = (
				68F43B182B9BAA6D00D3424D /* PBXTargetDependency */,
			);
			name = "1D Shrodinger Solver Differential FormUITests";
			productName = "1D Shrodinger Solver Differential FormUITests";
			productReference = 68F43B162B9BAA6D00D3424D /* 1D Shrodinger Solver Differential FormUITests.xctest */;
			productType = "com.apple.product-type.bundle.ui-testing";
		};
/* End PBXNativeTarget section */

/* Begin PBXProject section */
		68F43AF32B9BAA6C00D3424D /* Project object */ = {
			isa = PBXProject;
			attributes = {
				BuildIndependentTargetsInParallel = 1;
				LastSwiftUpdateCheck = 1520;
				LastUpgradeCheck = 1520;
				TargetAttributes = {
					68F43AFA2B9BAA6C00D3424D = {
						CreatedOnToolsVersion = 15.2;
					};
					68F43B0B2B9BAA6D00D3424D = {
						CreatedOnToolsVersion = 15.2;
						TestTargetID = 68F43AFA2B9BAA6C00D3424D;
					};
					68F43B152B9BAA6D00D3424D = {
						CreatedOnToolsVersion = 15.2;
						TestTargetID = 68F43AFA2B9BAA6C00D3424D;
					};
				};
			};
			buildConfigurationList = 68F43AF62B9BAA6C00D3424D /* Build configuration list for PBXProject "1D Shrodinger Solver Differential Form" */;
			compatibilityVersion = "Xcode 14.0";
			developmentRegion = en;
			hasScannedForEncodings = 0;
			knownRegions = (
				en,
				Base,
			);
			mainGroup = 68F43AF22B9BAA6C00D3424D;
			productRefGroup = 68F43AFC2B9BAA6C00D3424D /* Products */;
			projectDirPath = "";
			projectRoot = "";
			targets = (
				68F43AFA2B9BAA6C00D3424D /* 1D Shrodinger Solver Differential Form */,
				68F43B0B2B9BAA6D00D3424D /* 1D Shrodinger Solver Differential FormTests */,
				68F43B152B9BAA6D00D3424D /* 1D Shrodinger Solver Differential FormUITests */,
			);
		};
/* End PBXProject section */

/* Begin PBXResourcesBuildPhase section */
		68F43AF92B9BAA6C00D3424D /* Resources */ = {
			isa = PBXResourcesBuildPhase;
			buildActionMask = 2147483647;
			files = (
				68F43B072B9BAA6D00D3424D /* Preview Assets.xcassets in Resources */,
				68F43B032B9BAA6D00D3424D /* Assets.xcassets in Resources */,
			);
			runOnlyForDeploymentPostprocessing = 0;
		};
		68F43B0A2B9BAA6D00D3424D /* Resources */ = {
			isa = PBXResourcesBuildPhase;
			buildActionMask = 2147483647;
			files = (
			);
			runOnlyForDeploymentPostprocessing = 0;
		};
		68F43B142B9BAA6D00D3424D /* Resources */ = {
			isa = PBXResourcesBuildPhase;
			buildActionMask = 2147483647;
			files = (
			);
			runOnlyForDeploymentPostprocessing = 0;
		};
/* End PBXResourcesBuildPhase section */

/* Begin PBXSourcesBuildPhase section */
		68F43AF72B9BAA6C00D3424D /* Sources */ = {
			isa = PBXSourcesBuildPhase;
			buildActionMask = 2147483647;
			files = (
				68F43B012B9BAA6C00D3424D /* ContentView.swift in Sources */,
				68F43AFF2B9BAA6C00D3424D /* _D_Shrodinger_Solver_Differential_FormApp.swift in Sources */,
				684F38542BAE169000EECCE1 /* Potentials.swift in Sources */,
				68F43B322B9BAB8B00D3424D /* RungeKuttaODE.swift in Sources */,
			);
			runOnlyForDeploymentPostprocessing = 0;
		};
		68F43B082B9BAA6D00D3424D /* Sources */ = {
			isa = PBXSourcesBuildPhase;
			buildActionMask = 2147483647;
			files = (
				684F38552BAE169000EECCE1 /* Potentials.swift in Sources */,
				68F43B112B9BAA6D00D3424D /* _D_Shrodinger_Solver_Differential_FormTests.swift in Sources */,
				684F38572BAE17DC00EECCE1 /* RungeKuttaODE.swift in Sources */,
			);
			runOnlyForDeploymentPostprocessing = 0;
		};
		68F43B122B9BAA6D00D3424D /* Sources */ = {
			isa = PBXSourcesBuildPhase;
			buildActionMask = 2147483647;
			files = (
				684F38582BAE17DD00EECCE1 /* RungeKuttaODE.swift in Sources */,
				684F38562BAE169000EECCE1 /* Potentials.swift in Sources */,
				68F43B1D2B9BAA6D00D3424D /* _D_Shrodinger_Solver_Differential_FormUITestsLaunchTests.swift in Sources */,
				68F43B1B2B9BAA6D00D3424D /* _D_Shrodinger_Solver_Differential_FormUITests.swift in Sources */,
			);
			runOnlyForDeploymentPostprocessing = 0;
		};
/* End PBXSourcesBuildPhase section */

/* Begin PBXTargetDependency section */
		68F43B0E2B9BAA6D00D3424D /* PBXTargetDependency */ = {
			isa = PBXTargetDependency;
			target = 68F43AFA2B9BAA6C00D3424D /* 1D Shrodinger Solver Differential Form */;
			targetProxy = 68F43B0D2B9BAA6D00D3424D /* PBXContainerItemProxy */;
		};
		68F43B182B9BAA6D00D3424D /* PBXTargetDependency */ = {
			isa = PBXTargetDependency;
			target = 68F43AFA2B9BAA6C00D3424D /* 1D Shrodinger Solver Differential Form */;
			targetProxy = 68F43B172B9BAA6D00D3424D /* PBXContainerItemProxy */;
		};
/* End PBXTargetDependency section */

/* Begin XCBuildConfiguration section */
		68F43B1E2B9BAA6D00D3424D /* Debug */ = {
			isa = XCBuildConfiguration;
			buildSettings = {
				ALWAYS_SEARCH_USER_PATHS = NO;
				ASSETCATALOG_COMPILER_GENERATE_SWIFT_ASSET_SYMBOL_EXTENSIONS = YES;
				CLANG_ANALYZER_NONNULL = YES;
				CLANG_ANALYZER_NUMBER_OBJECT_CONVERSION = YES_AGGRESSIVE;
				CLANG_CXX_LANGUAGE_STANDARD = "gnu++20";
				CLANG_ENABLE_MODULES = YES;
				CLANG_ENABLE_OBJC_ARC = YES;
				CLANG_ENABLE_OBJC_WEAK = YES;
				CLANG_WARN_BLOCK_CAPTURE_AUTORELEASING = YES;
				CLANG_WARN_BOOL_CONVERSION = YES;
				CLANG_WARN_COMMA = YES;
				CLANG_WARN_CONSTANT_CONVERSION = YES;
				CLANG_WARN_DEPRECATED_OBJC_IMPLEMENTATIONS = YES;
				CLANG_WARN_DIRECT_OBJC_ISA_USAGE = YES_ERROR;
				CLANG_WARN_DOCUMENTATION_COMMENTS = YES;
				CLANG_WARN_EMPTY_BODY = YES;
				CLANG_WARN_ENUM_CONVERSION = YES;
				CLANG_WARN_INFINITE_RECURSION = YES;
				CLANG_WARN_INT_CONVERSION = YES;
				CLANG_WARN_NON_LITERAL_NULL_CONVERSION = YES;
				CLANG_WARN_OBJC_IMPLICIT_RETAIN_SELF = YES;
				CLANG_WARN_OBJC_LITERAL_CONVERSION = YES;
				CLANG_WARN_OBJC_ROOT_CLASS = YES_ERROR;
				CLANG_WARN_QUOTED_INCLUDE_IN_FRAMEWORK_HEADER = YES;
				CLANG_WARN_RANGE_LOOP_ANALYSIS = YES;
				CLANG_WARN_STRICT_PROTOTYPES = YES;
				CLANG_WARN_SUSPICIOUS_MOVE = YES;
				CLANG_WARN_UNGUARDED_AVAILABILITY = YES_AGGRESSIVE;
				CLANG_WARN_UNREACHABLE_CODE = YES;
				CLANG_WARN__DUPLICATE_METHOD_MATCH = YES;
				COPY_PHASE_STRIP = NO;
				DEBUG_INFORMATION_FORMAT = dwarf;
				ENABLE_STRICT_OBJC_MSGSEND = YES;
				ENABLE_TESTABILITY = YES;
				ENABLE_USER_SCRIPT_SANDBOXING = YES;
				GCC_C_LANGUAGE_STANDARD = gnu17;
				GCC_DYNAMIC_NO_PIC = NO;
				GCC_NO_COMMON_BLOCKS = YES;
				GCC_OPTIMIZATION_LEVEL = 0;
				GCC_PREPROCESSOR_DEFINITIONS = (
					"DEBUG=1",
					"$(inherited)",
				);
				GCC_WARN_64_TO_32_BIT_CONVERSION = YES;
				GCC_WARN_ABOUT_RETURN_TYPE = YES_ERROR;
				GCC_WARN_UNDECLARED_SELECTOR = YES;
				GCC_WARN_UNINITIALIZED_AUTOS = YES_AGGRESSIVE;
				GCC_WARN_UNUSED_FUNCTION = YES;
				GCC_WARN_UNUSED_VARIABLE = YES;
				LOCALIZATION_PREFERS_STRING_CATALOGS = YES;
				MTL_ENABLE_DEBUG_INFO = INCLUDE_SOURCE;
				MTL_FAST_MATH = YES;
				ONLY_ACTIVE_ARCH = YES;
				SWIFT_ACTIVE_COMPILATION_CONDITIONS = "DEBUG $(inherited)";
				SWIFT_OPTIMIZATION_LEVEL = "-Onone";
			};
			name = Debug;
		};
		68F43B1F2B9BAA6D00D3424D /* Release */ = {
			isa = XCBuildConfiguration;
			buildSettings = {
				ALWAYS_SEARCH_USER_PATHS = NO;
				ASSETCATALOG_COMPILER_GENERATE_SWIFT_ASSET_SYMBOL_EXTENSIONS = YES;
				CLANG_ANALYZER_NONNULL = YES;
				CLANG_ANALYZER_NUMBER_OBJECT_CONVERSION = YES_AGGRESSIVE;
				CLANG_CXX_LANGUAGE_STANDARD = "gnu++20";
				CLANG_ENABLE_MODULES = YES;
				CLANG_ENABLE_OBJC_ARC = YES;
				CLANG_ENABLE_OBJC_WEAK = YES;
				CLANG_WARN_BLOCK_CAPTURE_AUTORELEASING = YES;
				CLANG_WARN_BOOL_CONVERSION = YES;
				CLANG_WARN_COMMA = YES;
				CLANG_WARN_CONSTANT_CONVERSION = YES;
				CLANG_WARN_DEPRECATED_OBJC_IMPLEMENTATIONS = YES;
				CLANG_WARN_DIRECT_OBJC_ISA_USAGE = YES_ERROR;
				CLANG_WARN_DOCUMENTATION_COMMENTS = YES;
				CLANG_WARN_EMPTY_BODY = YES;
				CLANG_WARN_ENUM_CONVERSION = YES;
				CLANG_WARN_INFINITE_RECURSION = YES;
				CLANG_WARN_INT_CONVERSION = YES;
				CLANG_WARN_NON_LITERAL_NULL_CONVERSION = YES;
				CLANG_WARN_OBJC_IMPLICIT_RETAIN_SELF = YES;
				CLANG_WARN_OBJC_LITERAL_CONVERSION = YES;
				CLANG_WARN_OBJC_ROOT_CLASS = YES_ERROR;
				CLANG_WARN_QUOTED_INCLUDE_IN_FRAMEWORK_HEADER = YES;
				CLANG_WARN_RANGE_LOOP_ANALYSIS = YES;
				CLANG_WARN_STRICT_PROTOTYPES = YES;
				CLANG_WARN_SUSPICIOUS_MOVE = YES;
				CLANG_WARN_UNGUARDED_AVAILABILITY = YES_AGGRESSIVE;
				CLANG_WARN_UNREACHABLE_CODE = YES;
				CLANG_WARN__DUPLICATE_METHOD_MATCH = YES;
				COPY_PHASE_STRIP = NO;
				DEBUG_INFORMATION_FORMAT = "dwarf-with-dsym";
				ENABLE_NS_ASSERTIONS = NO;
				ENABLE_STRICT_OBJC_MSGSEND = YES;
				ENABLE_USER_SCRIPT_SANDBOXING = YES;
				GCC_C_LANGUAGE_STANDARD = gnu17;
				GCC_NO_COMMON_BLOCKS = YES;
				GCC_WARN_64_TO_32_BIT_CONVERSION = YES;
				GCC_WARN_ABOUT_RETURN_TYPE = YES_ERROR;
				GCC_WARN_UNDECLARED_SELECTOR = YES;
				GCC_WARN_UNINITIALIZED_AUTOS = YES_AGGRESSIVE;
				GCC_WARN_UNUSED_FUNCTION = YES;
				GCC_WARN_UNUSED_VARIABLE = YES;
				LOCALIZATION_PREFERS_STRING_CATALOGS = YES;
				MTL_ENABLE_DEBUG_INFO = NO;
				MTL_FAST_MATH = YES;
				SWIFT_COMPILATION_MODE = wholemodule;
			};
			name = Release;
		};
		68F43B212B9BAA6D00D3424D /* Debug */ = {
			isa = XCBuildConfiguration;
			buildSettings = {
				ASSETCATALOG_COMPILER_APPICON_NAME = AppIcon;
				ASSETCATALOG_COMPILER_GLOBAL_ACCENT_COLOR_NAME = AccentColor;
				CODE_SIGN_ENTITLEMENTS = "1D Shrodinger Solver Differential Form/_D_Shrodinger_Solver_Differential_Form.entitlements";
				CODE_SIGN_STYLE = Automatic;
				CURRENT_PROJECT_VERSION = 1;
				DEVELOPMENT_ASSET_PATHS = "\"1D Shrodinger Solver Differential Form/Preview Content\"";
				ENABLE_PREVIEWS = YES;
				GENERATE_INFOPLIST_FILE = YES;
				"INFOPLIST_KEY_UIApplicationSceneManifest_Generation[sdk=iphoneos*]" = YES;
				"INFOPLIST_KEY_UIApplicationSceneManifest_Generation[sdk=iphonesimulator*]" = YES;
				"INFOPLIST_KEY_UIApplicationSupportsIndirectInputEvents[sdk=iphoneos*]" = YES;
				"INFOPLIST_KEY_UIApplicationSupportsIndirectInputEvents[sdk=iphonesimulator*]" = YES;
				"INFOPLIST_KEY_UILaunchScreen_Generation[sdk=iphoneos*]" = YES;
				"INFOPLIST_KEY_UILaunchScreen_Generation[sdk=iphonesimulator*]" = YES;
				"INFOPLIST_KEY_UIStatusBarStyle[sdk=iphoneos*]" = UIStatusBarStyleDefault;
				"INFOPLIST_KEY_UIStatusBarStyle[sdk=iphonesimulator*]" = UIStatusBarStyleDefault;
				INFOPLIST_KEY_UISupportedInterfaceOrientations_iPad = "UIInterfaceOrientationPortrait UIInterfaceOrientationPortraitUpsideDown UIInterfaceOrientationLandscapeLeft UIInterfaceOrientationLandscapeRight";
				INFOPLIST_KEY_UISupportedInterfaceOrientations_iPhone = "UIInterfaceOrientationPortrait UIInterfaceOrientationLandscapeLeft UIInterfaceOrientationLandscapeRight";
				IPHONEOS_DEPLOYMENT_TARGET = 17.2;
				LD_RUNPATH_SEARCH_PATHS = "@executable_path/Frameworks";
				"LD_RUNPATH_SEARCH_PATHS[sdk=macosx*]" = "@executable_path/../Frameworks";
				MACOSX_DEPLOYMENT_TARGET = 14.2;
				MARKETING_VERSION = 1.0;
				PRODUCT_BUNDLE_IDENTIFIER = "ZIPhys440.-D-Shrodinger-Solver-Differential-Form";
				PRODUCT_NAME = "$(TARGET_NAME)";
				SDKROOT = auto;
				SUPPORTED_PLATFORMS = "iphoneos iphonesimulator macosx";
				SWIFT_EMIT_LOC_STRINGS = YES;
				SWIFT_VERSION = 5.0;
				TARGETED_DEVICE_FAMILY = "1,2";
			};
			name = Debug;
		};
		68F43B222B9BAA6D00D3424D /* Release */ = {
			isa = XCBuildConfiguration;
			buildSettings = {
				ASSETCATALOG_COMPILER_APPICON_NAME = AppIcon;
				ASSETCATALOG_COMPILER_GLOBAL_ACCENT_COLOR_NAME = AccentColor;
				CODE_SIGN_ENTITLEMENTS = "1D Shrodinger Solver Differential Form/_D_Shrodinger_Solver_Differential_Form.entitlements";
				CODE_SIGN_STYLE = Automatic;
				CURRENT_PROJECT_VERSION = 1;
				DEVELOPMENT_ASSET_PATHS = "\"1D Shrodinger Solver Differential Form/Preview Content\"";
				ENABLE_PREVIEWS = YES;
				GENERATE_INFOPLIST_FILE = YES;
				"INFOPLIST_KEY_UIApplicationSceneManifest_Generation[sdk=iphoneos*]" = YES;
				"INFOPLIST_KEY_UIApplicationSceneManifest_Generation[sdk=iphonesimulator*]" = YES;
				"INFOPLIST_KEY_UIApplicationSupportsIndirectInputEvents[sdk=iphoneos*]" = YES;
				"INFOPLIST_KEY_UIApplicationSupportsIndirectInputEvents[sdk=iphonesimulator*]" = YES;
				"INFOPLIST_KEY_UILaunchScreen_Generation[sdk=iphoneos*]" = YES;
				"INFOPLIST_KEY_UILaunchScreen_Generation[sdk=iphonesimulator*]" = YES;
				"INFOPLIST_KEY_UIStatusBarStyle[sdk=iphoneos*]" = UIStatusBarStyleDefault;
				"INFOPLIST_KEY_UIStatusBarStyle[sdk=iphonesimulator*]" = UIStatusBarStyleDefault;
				INFOPLIST_KEY_UISupportedInterfaceOrientations_iPad = "UIInterfaceOrientationPortrait UIInterfaceOrientationPortraitUpsideDown UIInterfaceOrientationLandscapeLeft UIInterfaceOrientationLandscapeRight";
				INFOPLIST_KEY_UISupportedInterfaceOrientations_iPhone = "UIInterfaceOrientationPortrait UIInterfaceOrientationLandscapeLeft UIInterfaceOrientationLandscapeRight";
				IPHONEOS_DEPLOYMENT_TARGET = 17.2;
				LD_RUNPATH_SEARCH_PATHS = "@executable_path/Frameworks";
				"LD_RUNPATH_SEARCH_PATHS[sdk=macosx*]" = "@executable_path/../Frameworks";
				MACOSX_DEPLOYMENT_TARGET = 14.2;
				MARKETING_VERSION = 1.0;
				PRODUCT_BUNDLE_IDENTIFIER = "ZIPhys440.-D-Shrodinger-Solver-Differential-Form";
				PRODUCT_NAME = "$(TARGET_NAME)";
				SDKROOT = auto;
				SUPPORTED_PLATFORMS = "iphoneos iphonesimulator macosx";
				SWIFT_EMIT_LOC_STRINGS = YES;
				SWIFT_VERSION = 5.0;
				TARGETED_DEVICE_FAMILY = "1,2";
			};
			name = Release;
		};
		68F43B242B9BAA6D00D3424D /* Debug */ = {
			isa = XCBuildConfiguration;
			buildSettings = {
				ALWAYS_EMBED_SWIFT_STANDARD_LIBRARIES = YES;
				BUNDLE_LOADER = "$(TEST_HOST)";
				CODE_SIGN_STYLE = Automatic;
				CURRENT_PROJECT_VERSION = 1;
				GENERATE_INFOPLIST_FILE = YES;
				IPHONEOS_DEPLOYMENT_TARGET = 17.2;
				MACOSX_DEPLOYMENT_TARGET = 14.2;
				MARKETING_VERSION = 1.0;
				PRODUCT_BUNDLE_IDENTIFIER = "ZIPhys440.-D-Shrodinger-Solver-Differential-FormTests";
				PRODUCT_NAME = "$(TARGET_NAME)";
				SDKROOT = auto;
				SUPPORTED_PLATFORMS = "iphoneos iphonesimulator macosx";
				SWIFT_EMIT_LOC_STRINGS = NO;
				SWIFT_VERSION = 5.0;
				TARGETED_DEVICE_FAMILY = "1,2";
				TEST_HOST = "$(BUILT_PRODUCTS_DIR)/1D Shrodinger Solver Differential Form.app/$(BUNDLE_EXECUTABLE_FOLDER_PATH)/1D Shrodinger Solver Differential Form";
			};
			name = Debug;
		};
		68F43B252B9BAA6D00D3424D /* Release */ = {
			isa = XCBuildConfiguration;
			buildSettings = {
				ALWAYS_EMBED_SWIFT_STANDARD_LIBRARIES = YES;
				BUNDLE_LOADER = "$(TEST_HOST)";
				CODE_SIGN_STYLE = Automatic;
				CURRENT_PROJECT_VERSION = 1;
				GENERATE_INFOPLIST_FILE = YES;
				IPHONEOS_DEPLOYMENT_TARGET = 17.2;
				MACOSX_DEPLOYMENT_TARGET = 14.2;
				MARKETING_VERSION = 1.0;
				PRODUCT_BUNDLE_IDENTIFIER = "ZIPhys440.-D-Shrodinger-Solver-Differential-FormTests";
				PRODUCT_NAME = "$(TARGET_NAME)";
				SDKROOT = auto;
				SUPPORTED_PLATFORMS = "iphoneos iphonesimulator macosx";
				SWIFT_EMIT_LOC_STRINGS = NO;
				SWIFT_VERSION = 5.0;
				TARGETED_DEVICE_FAMILY = "1,2";
				TEST_HOST = "$(BUILT_PRODUCTS_DIR)/1D Shrodinger Solver Differential Form.app/$(BUNDLE_EXECUTABLE_FOLDER_PATH)/1D Shrodinger Solver Differential Form";
			};
			name = Release;
		};
		68F43B272B9BAA6D00D3424D /* Debug */ = {
			isa = XCBuildConfiguration;
			buildSettings = {
				ALWAYS_EMBED_SWIFT_STANDARD_LIBRARIES = YES;
				CODE_SIGN_STYLE = Automatic;
				CURRENT_PROJECT_VERSION = 1;
				GENERATE_INFOPLIST_FILE = YES;
				IPHONEOS_DEPLOYMENT_TARGET = 17.2;
				MACOSX_DEPLOYMENT_TARGET = 14.2;
				MARKETING_VERSION = 1.0;
				PRODUCT_BUNDLE_IDENTIFIER = "ZIPhys440.-D-Shrodinger-Solver-Differential-FormUITests";
				PRODUCT_NAME = "$(TARGET_NAME)";
				SDKROOT = auto;
				SUPPORTED_PLATFORMS = "iphoneos iphonesimulator macosx";
				SWIFT_EMIT_LOC_STRINGS = NO;
				SWIFT_VERSION = 5.0;
				TARGETED_DEVICE_FAMILY = "1,2";
				TEST_TARGET_NAME = "1D Shrodinger Solver Differential Form";
			};
			name = Debug;
		};
		68F43B282B9BAA6D00D3424D /* Release */ = {
			isa = XCBuildConfiguration;
			buildSettings = {
				ALWAYS_EMBED_SWIFT_STANDARD_LIBRARIES = YES;
				CODE_SIGN_STYLE = Automatic;
				CURRENT_PROJECT_VERSION = 1;
				GENERATE_INFOPLIST_FILE = YES;
				IPHONEOS_DEPLOYMENT_TARGET = 17.2;
				MACOSX_DEPLOYMENT_TARGET = 14.2;
				MARKETING_VERSION = 1.0;
				PRODUCT_BUNDLE_IDENTIFIER = "ZIPhys440.-D-Shrodinger-Solver-Differential-FormUITests";
				PRODUCT_NAME = "$(TARGET_NAME)";
				SDKROOT = auto;
				SUPPORTED_PLATFORMS = "iphoneos iphonesimulator macosx";
				SWIFT_EMIT_LOC_STRINGS = NO;
				SWIFT_VERSION = 5.0;
				TARGETED_DEVICE_FAMILY = "1,2";
				TEST_TARGET_NAME = "1D Shrodinger Solver Differential Form";
			};
			name = Release;
		};
/* End XCBuildConfiguration section */

/* Begin XCConfigurationList section */
		68F43AF62B9BAA6C00D3424D /* Build configuration list for PBXProject "1D Shrodinger Solver Differential Form" */ = {
			isa = XCConfigurationList;
			buildConfigurations = (
				68F43B1E2B9BAA6D00D3424D /* Debug */,
				68F43B1F2B9BAA6D00D3424D /* Release */,
			);
			defaultConfigurationIsVisible = 0;
			defaultConfigurationName = Release;
		};
		68F43B202B9BAA6D00D3424D /* Build configuration list for PBXNativeTarget "1D Shrodinger Solver Differential Form" */ = {
			isa = XCConfigurationList;
			buildConfigurations = (
				68F43B212B9BAA6D00D3424D /* Debug */,
				68F43B222B9BAA6D00D3424D /* Release */,
			);
			defaultConfigurationIsVisible = 0;
			defaultConfigurationName = Release;
		};
		68F43B232B9BAA6D00D3424D /* Build configuration list for PBXNativeTarget "1D Shrodinger Solver Differential FormTests" */ = {
			isa = XCConfigurationList;
			buildConfigurations = (
				68F43B242B9BAA6D00D3424D /* Debug */,
				68F43B252B9BAA6D00D3424D /* Release */,
			);
			defaultConfigurationIsVisible = 0;
			defaultConfigurationName = Release;
		};
		68F43B262B9BAA6D00D3424D /* Build configuration list for PBXNativeTarget "1D Shrodinger Solver Differential FormUITests" */ = {
			isa = XCConfigurationList;
			buildConfigurations = (
				68F43B272B9BAA6D00D3424D /* Debug */,
				68F43B282B9BAA6D00D3424D /* Release */,
			);
			defaultConfigurationIsVisible = 0;
			defaultConfigurationName = Release;
		};
/* End XCConfigurationList section */
	};
	rootObject = 68F43AF32B9BAA6C00D3424D /* Project object */;
}
